// !$*UTF8*$!
{
	archiveVersion = 1;
	classes = {
	};
	objectVersion = 50;
	objects = {

/* Begin PBXBuildFile section */
		D7D616082631D073009BA60D /* Assets.xcassets in Resources */ = {isa = PBXBuildFile; fileRef = D7D616072631D073009BA60D /* Assets.xcassets */; };
		D7D6160B2631D073009BA60D /* Main.storyboard in Resources */ = {isa = PBXBuildFile; fileRef = D7D616092631D073009BA60D /* Main.storyboard */; };
		D7D616172631D073009BA60D /* JXARunnerTests.swift in Sources */ = {isa = PBXBuildFile; fileRef = D7D616162631D073009BA60D /* JXARunnerTests.swift */; };
		D7D616222631D073009BA60D /* JXARunnerUITests.swift in Sources */ = {isa = PBXBuildFile; fileRef = D7D616212631D073009BA60D /* JXARunnerUITests.swift */; };
		D7D616302631D090009BA60D /* main.swift in Sources */ = {isa = PBXBuildFile; fileRef = D7D6162F2631D090009BA60D /* main.swift */; };
/* End PBXBuildFile section */

/* Begin PBXContainerItemProxy section */
		D7D616132631D073009BA60D /* PBXContainerItemProxy */ = {
			isa = PBXContainerItemProxy;
			containerPortal = D7D615F82631D06C009BA60D /* Project object */;
			proxyType = 1;
			remoteGlobalIDString = D7D615FF2631D06C009BA60D;
			remoteInfo = JXARunner;
		};
		D7D6161E2631D073009BA60D /* PBXContainerItemProxy */ = {
			isa = PBXContainerItemProxy;
			containerPortal = D7D615F82631D06C009BA60D /* Project object */;
			proxyType = 1;
			remoteGlobalIDString = D7D615FF2631D06C009BA60D;
			remoteInfo = JXARunner;
		};
/* End PBXContainerItemProxy section */

/* Begin PBXFileReference section */
		D7D616002631D06C009BA60D /* JXARunner.app */ = {isa = PBXFileReference; explicitFileType = wrapper.application; includeInIndex = 0; path = JXARunner.app; sourceTree = BUILT_PRODUCTS_DIR; };
		D7D616072631D073009BA60D /* Assets.xcassets */ = {isa = PBXFileReference; lastKnownFileType = folder.assetcatalog; path = Assets.xcassets; sourceTree = "<group>"; };
		D7D6160A2631D073009BA60D /* Base */ = {isa = PBXFileReference; lastKnownFileType = file.storyboard; name = Base; path = Base.lproj/Main.storyboard; sourceTree = "<group>"; };
		D7D6160C2631D073009BA60D /* Info.plist */ = {isa = PBXFileReference; lastKnownFileType = text.plist.xml; path = Info.plist; sourceTree = "<group>"; };
		D7D6160D2631D073009BA60D /* JXARunner.entitlements */ = {isa = PBXFileReference; lastKnownFileType = text.plist.entitlements; path = JXARunner.entitlements; sourceTree = "<group>"; };
		D7D616122631D073009BA60D /* JXARunnerTests.xctest */ = {isa = PBXFileReference; explicitFileType = wrapper.cfbundle; includeInIndex = 0; path = JXARunnerTests.xctest; sourceTree = BUILT_PRODUCTS_DIR; };
		D7D616162631D073009BA60D /* JXARunnerTests.swift */ = {isa = PBXFileReference; lastKnownFileType = sourcecode.swift; path = JXARunnerTests.swift; sourceTree = "<group>"; };
		D7D616182631D073009BA60D /* Info.plist */ = {isa = PBXFileReference; lastKnownFileType = text.plist.xml; path = Info.plist; sourceTree = "<group>"; };
		D7D6161D2631D073009BA60D /* JXARunnerUITests.xctest */ = {isa = PBXFileReference; explicitFileType = wrapper.cfbundle; includeInIndex = 0; path = JXARunnerUITests.xctest; sourceTree = BUILT_PRODUCTS_DIR; };
		D7D616212631D073009BA60D /* JXARunnerUITests.swift */ = {isa = PBXFileReference; lastKnownFileType = sourcecode.swift; path = JXARunnerUITests.swift; sourceTree = "<group>"; };
		D7D616232631D073009BA60D /* Info.plist */ = {isa = PBXFileReference; lastKnownFileType = text.plist.xml; path = Info.plist; sourceTree = "<group>"; };
		D7D6162F2631D090009BA60D /* main.swift */ = {isa = PBXFileReference; lastKnownFileType = sourcecode.swift; path = main.swift; sourceTree = "<group>"; };
/* End PBXFileReference section */

/* Begin PBXFrameworksBuildPhase section */
		D7D615FD2631D06C009BA60D /* Frameworks */ = {
			isa = PBXFrameworksBuildPhase;
			buildActionMask = 2147483647;
			files = (
			);
			runOnlyForDeploymentPostprocessing = 0;
		};
		D7D6160F2631D073009BA60D /* Frameworks */ = {
			isa = PBXFrameworksBuildPhase;
			buildActionMask = 2147483647;
			files = (
			);
			runOnlyForDeploymentPostprocessing = 0;
		};
		D7D6161A2631D073009BA60D /* Frameworks */ = {
			isa = PBXFrameworksBuildPhase;
			buildActionMask = 2147483647;
			files = (
			);
			runOnlyForDeploymentPostprocessing = 0;
		};
/* End PBXFrameworksBuildPhase section */

/* Begin PBXGroup section */
		D7D615F72631D06C009BA60D = {
			isa = PBXGroup;
			children = (
				D7D616022631D06C009BA60D /* JXARunner */,
				D7D616152631D073009BA60D /* JXARunnerTests */,
				D7D616202631D073009BA60D /* JXARunnerUITests */,
				D7D616012631D06C009BA60D /* Products */,
			);
			sourceTree = "<group>";
		};
		D7D616012631D06C009BA60D /* Products */ = {
			isa = PBXGroup;
			children = (
				D7D616002631D06C009BA60D /* JXARunner.app */,
				D7D616122631D073009BA60D /* JXARunnerTests.xctest */,
				D7D6161D2631D073009BA60D /* JXARunnerUITests.xctest */,
			);
			name = Products;
			sourceTree = "<group>";
		};
		D7D616022631D06C009BA60D /* JXARunner */ = {
			isa = PBXGroup;
			children = (
				D7D616072631D073009BA60D /* Assets.xcassets */,
				D7D616092631D073009BA60D /* Main.storyboard */,
				D7D6160C2631D073009BA60D /* Info.plist */,
				D7D6160D2631D073009BA60D /* JXARunner.entitlements */,
				D7D6162F2631D090009BA60D /* main.swift */,
			);
			path = JXARunner;
			sourceTree = "<group>";
		};
		D7D616152631D073009BA60D /* JXARunnerTests */ = {
			isa = PBXGroup;
			children = (
				D7D616162631D073009BA60D /* JXARunnerTests.swift */,
				D7D616182631D073009BA60D /* Info.plist */,
			);
			path = JXARunnerTests;
			sourceTree = "<group>";
		};
		D7D616202631D073009BA60D /* JXARunnerUITests */ = {
			isa = PBXGroup;
			children = (
				D7D616212631D073009BA60D /* JXARunnerUITests.swift */,
				D7D616232631D073009BA60D /* Info.plist */,
			);
			path = JXARunnerUITests;
			sourceTree = "<group>";
		};
/* End PBXGroup section */

/* Begin PBXNativeTarget section */
		D7D615FF2631D06C009BA60D /* JXARunner */ = {
			isa = PBXNativeTarget;
			buildConfigurationList = D7D616262631D073009BA60D /* Build configuration list for PBXNativeTarget "JXARunner" */;
			buildPhases = (
				D7D615FC2631D06C009BA60D /* Sources */,
				D7D615FD2631D06C009BA60D /* Frameworks */,
				D7D615FE2631D06C009BA60D /* Resources */,
			);
			buildRules = (
			);
			dependencies = (
			);
			name = JXARunner;
			productName = JXARunner;
			productReference = D7D616002631D06C009BA60D /* JXARunner.app */;
			productType = "com.apple.product-type.application";
		};
		D7D616112631D073009BA60D /* JXARunnerTests */ = {
			isa = PBXNativeTarget;
			buildConfigurationList = D7D616292631D073009BA60D /* Build configuration list for PBXNativeTarget "JXARunnerTests" */;
			buildPhases = (
				D7D6160E2631D073009BA60D /* Sources */,
				D7D6160F2631D073009BA60D /* Frameworks */,
				D7D616102631D073009BA60D /* Resources */,
			);
			buildRules = (
			);
			dependencies = (
				D7D616142631D073009BA60D /* PBXTargetDependency */,
			);
			name = JXARunnerTests;
			productName = JXARunnerTests;
			productReference = D7D616122631D073009BA60D /* JXARunnerTests.xctest */;
			productType = "com.apple.product-type.bundle.unit-test";
		};
		D7D6161C2631D073009BA60D /* JXARunnerUITests */ = {
			isa = PBXNativeTarget;
			buildConfigurationList = D7D6162C2631D073009BA60D /* Build configuration list for PBXNativeTarget "JXARunnerUITests" */;
			buildPhases = (
				D7D616192631D073009BA60D /* Sources */,
				D7D6161A2631D073009BA60D /* Frameworks */,
				D7D6161B2631D073009BA60D /* Resources */,
			);
			buildRules = (
			);
			dependencies = (
				D7D6161F2631D073009BA60D /* PBXTargetDependency */,
			);
			name = JXARunnerUITests;
			productName = JXARunnerUITests;
			productReference = D7D6161D2631D073009BA60D /* JXARunnerUITests.xctest */;
			productType = "com.apple.product-type.bundle.ui-testing";
		};
/* End PBXNativeTarget section */

/* Begin PBXProject section */
		D7D615F82631D06C009BA60D /* Project object */ = {
			isa = PBXProject;
			attributes = {
				LastSwiftUpdateCheck = 1160;
				LastUpgradeCheck = 1160;
				ORGANIZATIONNAME = Dev;
				TargetAttributes = {
					D7D615FF2631D06C009BA60D = {
						CreatedOnToolsVersion = 11.6;
					};
					D7D616112631D073009BA60D = {
						CreatedOnToolsVersion = 11.6;
						TestTargetID = D7D615FF2631D06C009BA60D;
					};
					D7D6161C2631D073009BA60D = {
						CreatedOnToolsVersion = 11.6;
						TestTargetID = D7D615FF2631D06C009BA60D;
					};
				};
			};
			buildConfigurationList = D7D615FB2631D06C009BA60D /* Build configuration list for PBXProject "JXARunner" */;
			compatibilityVersion = "Xcode 9.3";
			developmentRegion = en;
			hasScannedForEncodings = 0;
			knownRegions = (
				en,
				Base,
			);
			mainGroup = D7D615F72631D06C009BA60D;
			productRefGroup = D7D616012631D06C009BA60D /* Products */;
			projectDirPath = "";
			projectRoot = "";
			targets = (
				D7D615FF2631D06C009BA60D /* JXARunner */,
				D7D616112631D073009BA60D /* JXARunnerTests */,
				D7D6161C2631D073009BA60D /* JXARunnerUITests */,
			);
		};
/* End PBXProject section */

/* Begin PBXResourcesBuildPhase section */
		D7D615FE2631D06C009BA60D /* Resources */ = {
			isa = PBXResourcesBuildPhase;
			buildActionMask = 2147483647;
			files = (
				D7D616082631D073009BA60D /* Assets.xcassets in Resources */,
				D7D6160B2631D073009BA60D /* Main.storyboard in Resources */,
			);
			runOnlyForDeploymentPostprocessing = 0;
		};
		D7D616102631D073009BA60D /* Resources */ = {
			isa = PBXResourcesBuildPhase;
			buildActionMask = 2147483647;
			files = (
			);
			runOnlyForDeploymentPostprocessing = 0;
		};
		D7D6161B2631D073009BA60D /* Resources */ = {
			isa = PBXResourcesBuildPhase;
			buildActionMask = 2147483647;
			files = (
			);
			runOnlyForDeploymentPostprocessing = 0;
		};
/* End PBXResourcesBuildPhase section */

/* Begin PBXSourcesBuildPhase section */
		D7D615FC2631D06C009BA60D /* Sources */ = {
			isa = PBXSourcesBuildPhase;
			buildActionMask = 2147483647;
			files = (
				D7D616302631D090009BA60D /* main.swift in Sources */,
			);
			runOnlyForDeploymentPostprocessing = 0;
		};
		D7D6160E2631D073009BA60D /* Sources */ = {
			isa = PBXSourcesBuildPhase;
			buildActionMask = 2147483647;
			files = (
				D7D616172631D073009BA60D /* JXARunnerTests.swift in Sources */,
			);
			runOnlyForDeploymentPostprocessing = 0;
		};
		D7D616192631D073009BA60D /* Sources */ = {
			isa = PBXSourcesBuildPhase;
			buildActionMask = 2147483647;
			files = (
				D7D616222631D073009BA60D /* JXARunnerUITests.swift in Sources */,
			);
			runOnlyForDeploymentPostprocessing = 0;
		};
/* End PBXSourcesBuildPhase section */

/* Begin PBXTargetDependency section */
		D7D616142631D073009BA60D /* PBXTargetDependency */ = {
			isa = PBXTargetDependency;
			target = D7D615FF2631D06C009BA60D /* JXARunner */;
			targetProxy = D7D616132631D073009BA60D /* PBXContainerItemProxy */;
		};
		D7D6161F2631D073009BA60D /* PBXTargetDependency */ = {
			isa = PBXTargetDependency;
			target = D7D615FF2631D06C009BA60D /* JXARunner */;
			targetProxy = D7D6161E2631D073009BA60D /* PBXContainerItemProxy */;
		};
/* End PBXTargetDependency section */

/* Begin PBXVariantGroup section */
		D7D616092631D073009BA60D /* Main.storyboard */ = {
			isa = PBXVariantGroup;
			children = (
				D7D6160A2631D073009BA60D /* Base */,
			);
			name = Main.storyboard;
			sourceTree = "<group>";
		};
/* End PBXVariantGroup section */

/* Begin XCBuildConfiguration section */
		D7D616242631D073009BA60D /* Debug */ = {
			isa = XCBuildConfiguration;
			buildSettings = {
				ALWAYS_SEARCH_USER_PATHS = NO;
				CLANG_ANALYZER_NONNULL = YES;
				CLANG_ANALYZER_NUMBER_OBJECT_CONVERSION = YES_AGGRESSIVE;
				CLANG_CXX_LANGUAGE_STANDARD = "gnu++14";
				CLANG_CXX_LIBRARY = "libc++";
				CLANG_ENABLE_MODULES = YES;
				CLANG_ENABLE_OBJC_ARC = YES;
				CLANG_ENABLE_OBJC_WEAK = YES;
				CLANG_WARN_BLOCK_CAPTURE_AUTORELEASING = YES;
				CLANG_WARN_BOOL_CONVERSION = YES;
				CLANG_WARN_COMMA = YES;
				CLANG_WARN_CONSTANT_CONVERSION = YES;
				CLANG_WARN_DEPRECATED_OBJC_IMPLEMENTATIONS = YES;
				CLANG_WARN_DIRECT_OBJC_ISA_USAGE = YES_ERROR;
				CLANG_WARN_DOCUMENTATION_COMMENTS = YES;
				CLANG_WARN_EMPTY_BODY = YES;
				CLANG_WARN_ENUM_CONVERSION = YES;
				CLANG_WARN_INFINITE_RECURSION = YES;
				CLANG_WARN_INT_CONVERSION = YES;
				CLANG_WARN_NON_LITERAL_NULL_CONVERSION = YES;
				CLANG_WARN_OBJC_IMPLICIT_RETAIN_SELF = YES;
				CLANG_WARN_OBJC_LITERAL_CONVERSION = YES;
				CLANG_WARN_OBJC_ROOT_CLASS = YES_ERROR;
				CLANG_WARN_RANGE_LOOP_ANALYSIS = YES;
				CLANG_WARN_STRICT_PROTOTYPES = YES;
				CLANG_WARN_SUSPICIOUS_MOVE = YES;
				CLANG_WARN_UNGUARDED_AVAILABILITY = YES_AGGRESSIVE;
				CLANG_WARN_UNREACHABLE_CODE = YES;
				CLANG_WARN__DUPLICATE_METHOD_MATCH = YES;
				COPY_PHASE_STRIP = NO;
				DEBUG_INFORMATION_FORMAT = dwarf;
				ENABLE_STRICT_OBJC_MSGSEND = YES;
				ENABLE_TESTABILITY = YES;
				GCC_C_LANGUAGE_STANDARD = gnu11;
				GCC_DYNAMIC_NO_PIC = NO;
				GCC_NO_COMMON_BLOCKS = YES;
				GCC_OPTIMIZATION_LEVEL = 0;
				GCC_PREPROCESSOR_DEFINITIONS = (
					"DEBUG=1",
					"$(inherited)",
				);
				GCC_WARN_64_TO_32_BIT_CONVERSION = YES;
				GCC_WARN_ABOUT_RETURN_TYPE = YES_ERROR;
				GCC_WARN_UNDECLARED_SELECTOR = YES;
				GCC_WARN_UNINITIALIZED_AUTOS = YES_AGGRESSIVE;
				GCC_WARN_UNUSED_FUNCTION = YES;
				GCC_WARN_UNUSED_VARIABLE = YES;
				MACOSX_DEPLOYMENT_TARGET = 10.15;
				MTL_ENABLE_DEBUG_INFO = INCLUDE_SOURCE;
				MTL_FAST_MATH = YES;
				ONLY_ACTIVE_ARCH = YES;
				SDKROOT = macosx;
				SWIFT_ACTIVE_COMPILATION_CONDITIONS = DEBUG;
				SWIFT_OPTIMIZATION_LEVEL = "-Onone";
			};
			name = Debug;
		};
		D7D616252631D073009BA60D /* Release */ = {
			isa = XCBuildConfiguration;
			buildSettings = {
				ALWAYS_SEARCH_USER_PATHS = NO;
				CLANG_ANALYZER_NONNULL = YES;
				CLANG_ANALYZER_NUMBER_OBJECT_CONVERSION = YES_AGGRESSIVE;
				CLANG_CXX_LANGUAGE_STANDARD = "gnu++14";
				CLANG_CXX_LIBRARY = "libc++";
				CLANG_ENABLE_MODULES = YES;
				CLANG_ENABLE_OBJC_ARC = YES;
				CLANG_ENABLE_OBJC_WEAK = YES;
				CLANG_WARN_BLOCK_CAPTURE_AUTORELEASING = YES;
				CLANG_WARN_BOOL_CONVERSION = YES;
				CLANG_WARN_COMMA = YES;
				CLANG_WARN_CONSTANT_CONVERSION = YES;
				CLANG_WARN_DEPRECATED_OBJC_IMPLEMENTATIONS = YES;
				CLANG_WARN_DIRECT_OBJC_ISA_USAGE = YES_ERROR;
				CLANG_WARN_DOCUMENTATION_COMMENTS = YES;
				CLANG_WARN_EMPTY_BODY = YES;
				CLANG_WARN_ENUM_CONVERSION = YES;
				CLANG_WARN_INFINITE_RECURSION = YES;
				CLANG_WARN_INT_CONVERSION = YES;
				CLANG_WARN_NON_LITERAL_NULL_CONVERSION = YES;
				CLANG_WARN_OBJC_IMPLICIT_RETAIN_SELF = YES;
				CLANG_WARN_OBJC_LITERAL_CONVERSION = YES;
				CLANG_WARN_OBJC_ROOT_CLASS = YES_ERROR;
				CLANG_WARN_RANGE_LOOP_ANALYSIS = YES;
				CLANG_WARN_STRICT_PROTOTYPES = YES;
				CLANG_WARN_SUSPICIOUS_MOVE = YES;
				CLANG_WARN_UNGUARDED_AVAILABILITY = YES_AGGRESSIVE;
				CLANG_WARN_UNREACHABLE_CODE = YES;
				CLANG_WARN__DUPLICATE_METHOD_MATCH = YES;
				COPY_PHASE_STRIP = NO;
				DEBUG_INFORMATION_FORMAT = "dwarf-with-dsym";
				ENABLE_NS_ASSERTIONS = NO;
				ENABLE_STRICT_OBJC_MSGSEND = YES;
				GCC_C_LANGUAGE_STANDARD = gnu11;
				GCC_NO_COMMON_BLOCKS = YES;
				GCC_WARN_64_TO_32_BIT_CONVERSION = YES;
				GCC_WARN_ABOUT_RETURN_TYPE = YES_ERROR;
				GCC_WARN_UNDECLARED_SELECTOR = YES;
				GCC_WARN_UNINITIALIZED_AUTOS = YES_AGGRESSIVE;
				GCC_WARN_UNUSED_FUNCTION = YES;
				GCC_WARN_UNUSED_VARIABLE = YES;
				MACOSX_DEPLOYMENT_TARGET = 10.15;
				MTL_ENABLE_DEBUG_INFO = NO;
				MTL_FAST_MATH = YES;
				SDKROOT = macosx;
				SWIFT_COMPILATION_MODE = wholemodule;
				SWIFT_OPTIMIZATION_LEVEL = "-O";
			};
			name = Release;
		};
		D7D616272631D073009BA60D /* Debug */ = {
			isa = XCBuildConfiguration;
			buildSettings = {
				ASSETCATALOG_COMPILER_APPICON_NAME = AppIcon;
				CODE_SIGN_ENTITLEMENTS = JXARunner/JXARunner.entitlements;
				CODE_SIGN_STYLE = Automatic;
				COMBINE_HIDPI_IMAGES = YES;
				DEVELOPMENT_TEAM = HRYGRPW472;
				ENABLE_HARDENED_RUNTIME = NO;
				INFOPLIST_FILE = JXARunner/Info.plist;
				LD_RUNPATH_SEARCH_PATHS = (
					"$(inherited)",
					"@executable_path/../Frameworks",
				);
				PRODUCT_BUNDLE_IDENTIFIER = Dev.JXARunner;
				PRODUCT_NAME = "$(TARGET_NAME)";
				SWIFT_VERSION = 5.0;
			};
			name = Debug;
		};
		D7D616282631D073009BA60D /* Release */ = {
			isa = XCBuildConfiguration;
			buildSettings = {
				ASSETCATALOG_COMPILER_APPICON_NAME = AppIcon;
				CODE_SIGN_ENTITLEMENTS = JXARunner/JXARunner.entitlements;
				CODE_SIGN_STYLE = Automatic;
				COMBINE_HIDPI_IMAGES = YES;
				DEVELOPMENT_TEAM = HRYGRPW472;
				ENABLE_HARDENED_RUNTIME = NO;
				INFOPLIST_FILE = JXARunner/Info.plist;
				LD_RUNPATH_SEARCH_PATHS = (
					"$(inherited)",
					"@executable_path/../Frameworks",
				);
				PRODUCT_BUNDLE_IDENTIFIER = Dev.JXARunner;
				PRODUCT_NAME = "$(TARGET_NAME)";
				SWIFT_VERSION = 5.0;
			};
			name = Release;
		};
		D7D6162A2631D073009BA60D /* Debug */ = {
			isa = XCBuildConfiguration;
			buildSettings = {
				ALWAYS_EMBED_SWIFT_STANDARD_LIBRARIES = YES;
				BUNDLE_LOADER = "$(TEST_HOST)";
				CODE_SIGN_STYLE = Automatic;
				COMBINE_HIDPI_IMAGES = YES;
				DEVELOPMENT_TEAM = HRYGRPW472;
				INFOPLIST_FILE = JXARunnerTests/Info.plist;
				LD_RUNPATH_SEARCH_PATHS = (
					"$(inherited)",
					"@executable_path/../Frameworks",
					"@loader_path/../Frameworks",
				);
				MACOSX_DEPLOYMENT_TARGET = 10.15;
				PRODUCT_BUNDLE_IDENTIFIER = Dev.JXARunnerTests;
				PRODUCT_NAME = "$(TARGET_NAME)";
				SWIFT_VERSION = 5.0;
				TEST_HOST = "$(BUILT_PRODUCTS_DIR)/JXARunner.app/Contents/MacOS/JXARunner";
			};
			name = Debug;
		};
		D7D6162B2631D073009BA60D /* Release */ = {
			isa = XCBuildConfiguration;
			buildSettings = {
				ALWAYS_EMBED_SWIFT_STANDARD_LIBRARIES = YES;
				BUNDLE_LOADER = "$(TEST_HOST)";
				CODE_SIGN_STYLE = Automatic;
				COMBINE_HIDPI_IMAGES = YES;
				DEVELOPMENT_TEAM = HRYGRPW472;
				INFOPLIST_FILE = JXARunnerTests/Info.plist;
				LD_RUNPATH_SEARCH_PATHS = (
					"$(inherited)",
					"@executable_path/../Frameworks",
					"@loader_path/../Frameworks",
				);
				MACOSX_DEPLOYMENT_TARGET = 10.15;
				PRODUCT_BUNDLE_IDENTIFIER = Dev.JXARunnerTests;
				PRODUCT_NAME = "$(TARGET_NAME)";
				SWIFT_VERSION = 5.0;
				TEST_HOST = "$(BUILT_PRODUCTS_DIR)/JXARunner.app/Contents/MacOS/JXARunner";
			};
			name = Release;
		};
		D7D6162D2631D073009BA60D /* Debug */ = {
			isa = XCBuildConfiguration;
			buildSettings = {
				ALWAYS_EMBED_SWIFT_STANDARD_LIBRARIES = YES;
				CODE_SIGN_STYLE = Automatic;
				COMBINE_HIDPI_IMAGES = YES;
				DEVELOPMENT_TEAM = HRYGRPW472;
				INFOPLIST_FILE = JXARunnerUITests/Info.plist;
				LD_RUNPATH_SEARCH_PATHS = (
					"$(inherited)",
					"@executable_path/../Frameworks",
					"@loader_path/../Frameworks",
				);
				PRODUCT_BUNDLE_IDENTIFIER = Dev.JXARunnerUITests;
				PRODUCT_NAME = "$(TARGET_NAME)";
				SWIFT_VERSION = 5.0;
				TEST_TARGET_NAME = JXARunner;
			};
			name = Debug;
		};
		D7D6162E2631D073009BA60D /* Release */ = {
			isa = XCBuildConfiguration;
			buildSettings = {
				ALWAYS_EMBED_SWIFT_STANDARD_LIBRARIES = YES;
				CODE_SIGN_STYLE = Automatic;
				COMBINE_HIDPI_IMAGES = YES;
				DEVELOPMENT_TEAM = HRYGRPW472;
				INFOPLIST_FILE = JXARunnerUITests/Info.plist;
				LD_RUNPATH_SEARCH_PATHS = (
					"$(inherited)",
					"@executable_path/../Frameworks",
					"@loader_path/../Frameworks",
				);
				PRODUCT_BUNDLE_IDENTIFIER = Dev.JXARunnerUITests;
				PRODUCT_NAME = "$(TARGET_NAME)";
				SWIFT_VERSION = 5.0;
				TEST_TARGET_NAME = JXARunner;
			};
			name = Release;
		};
/* End XCBuildConfiguration section */

/* Begin XCConfigurationList section */
		D7D615FB2631D06C009BA60D /* Build configuration list for PBXProject "JXARunner" */ = {
			isa = XCConfigurationList;
			buildConfigurations = (
				D7D616242631D073009BA60D /* Debug */,
				D7D616252631D073009BA60D /* Release */,
			);
			defaultConfigurationIsVisible = 0;
			defaultConfigurationName = Release;
		};
		D7D616262631D073009BA60D /* Build configuration list for PBXNativeTarget "JXARunner" */ = {
			isa = XCConfigurationList;
			buildConfigurations = (
				D7D616272631D073009BA60D /* Debug */,
				D7D616282631D073009BA60D /* Release */,
			);
			defaultConfigurationIsVisible = 0;
			defaultConfigurationName = Release;
		};
		D7D616292631D073009BA60D /* Build configuration list for PBXNativeTarget "JXARunnerTests" */ = {
			isa = XCConfigurationList;
			buildConfigurations = (
				D7D6162A2631D073009BA60D /* Debug */,
				D7D6162B2631D073009BA60D /* Release */,
			);
			defaultConfigurationIsVisible = 0;
			defaultConfigurationName = Release;
		};
		D7D6162C2631D073009BA60D /* Build configuration list for PBXNativeTarget "JXARunnerUITests" */ = {
			isa = XCConfigurationList;
			buildConfigurations = (
				D7D6162D2631D073009BA60D /* Debug */,
				D7D6162E2631D073009BA60D /* Release */,
			);
			defaultConfigurationIsVisible = 0;
			defaultConfigurationName = Release;
		};
/* End XCConfigurationList section */
	};
	rootObject = D7D615F82631D06C009BA60D /* Project object */;
}
